
Microsoft Visual Studio Solution File, Format Version 12.00
# Visual Studio Version 17
VisualStudioVersion = 17.2.32630.192
MinimumVisualStudioVersion = 10.0.40219.1
Project("{9A19103F-16F7-4668-BE54-9A1E7A4F7556}") = "AdventOfCodeSharp", "AdventOfCodeSharp\AdventOfCodeSharp.csproj", "{433DE201-97AE-4FBF-9995-5089F794EF25}"
EndProject
Project("{2150E333-8FDC-42A3-9474-1A3956D46DE8}") = "Solution Items", "Solution Items", "{1394F1FE-804A-42CA-821A-349CE83B39AD}"
	ProjectSection(SolutionItems) = preProject
		.editorconfig = .editorconfig
	EndProjectSection
EndProject
Project("{FAE04EC0-301F-11D3-BF4B-00C04F79EFBC}") = "Challenges", "Challenges\Challenges.csproj", "{6817674F-E9E9-486B-9567-D8E6184F5679}"
EndProject
Project("{FAE04EC0-301F-11D3-BF4B-00C04F79EFBC}") = "RunToday", "RunToday\RunToday.csproj", "{D0A7CCA3-60E5-40C6-8922-EEA6C2790C6C}"
EndProject
Project("{FAE04EC0-301F-11D3-BF4B-00C04F79EFBC}") = "RunAll", "RunAll\RunAll.csproj", "{9E8D3021-359A-4394-BE22-5DA9F01E64BE}"
EndProject
Global
	GlobalSection(SolutionConfigurationPlatforms) = preSolution
		Debug|Any CPU = Debug|Any CPU
		Release|Any CPU = Release|Any CPU
	EndGlobalSection
	GlobalSection(ProjectConfigurationPlatforms) = postSolution
		{433DE201-97AE-4FBF-9995-5089F794EF25}.Debug|Any CPU.ActiveCfg = Debug|Any CPU
		{433DE201-97AE-4FBF-9995-5089F794EF25}.Debug|Any CPU.Build.0 = Debug|Any CPU
		{433DE201-97AE-4FBF-9995-5089F794EF25}.Release|Any CPU.ActiveCfg = Release|Any CPU
		{433DE201-97AE-4FBF-9995-5089F794EF25}.Release|Any CPU.Build.0 = Release|Any CPU
		{6817674F-E9E9-486B-9567-D8E6184F5679}.Debug|Any CPU.ActiveCfg = Debug|Any CPU
		{6817674F-E9E9-486B-9567-D8E6184F5679}.Debug|Any CPU.Build.0 = Debug|Any CPU
		{6817674F-E9E9-486B-9567-D8E6184F5679}.Release|Any CPU.ActiveCfg = Release|Any CPU
		{6817674F-E9E9-486B-9567-D8E6184F5679}.Release|Any CPU.Build.0 = Release|Any CPU
		{D0A7CCA3-60E5-40C6-8922-EEA6C2790C6C}.Debug|Any CPU.ActiveCfg = Debug|Any CPU
		{D0A7CCA3-60E5-40C6-8922-EEA6C2790C6C}.Debug|Any CPU.Build.0 = Debug|Any CPU
		{D0A7CCA3-60E5-40C6-8922-EEA6C2790C6C}.Release|Any CPU.ActiveCfg = Release|Any CPU
		{D0A7CCA3-60E5-40C6-8922-EEA6C2790C6C}.Release|Any CPU.Build.0 = Release|Any CPU
		{9E8D3021-359A-4394-BE22-5DA9F01E64BE}.Debug|Any CPU.ActiveCfg = Debug|Any CPU
		{9E8D3021-359A-4394-BE22-5DA9F01E64BE}.Debug|Any CPU.Build.0 = Debug|Any CPU
		{9E8D3021-359A-4394-BE22-5DA9F01E64BE}.Release|Any CPU.ActiveCfg = Release|Any CPU
		{9E8D3021-359A-4394-BE22-5DA9F01E64BE}.Release|Any CPU.Build.0 = Release|Any CPU
	EndGlobalSection
	GlobalSection(SolutionProperties) = preSolution
		HideSolutionNode = FALSE
	EndGlobalSection
	GlobalSection(ExtensibilityGlobals) = postSolution
		SolutionGuid = {266684A4-917A-4152-BF46-9F93D9DD3010}
	EndGlobalSection
EndGlobal
